
Microsoft Visual Studio Solution File, Format Version 12.00
# Visual Studio Version 17
VisualStudioVersion = 17.2.32516.85
MinimumVisualStudioVersion = 10.0.40219.1
Project("{FAE04EC0-301F-11D3-BF4B-00C04F79EFBC}") = "fundProject", "fundProject\fundProject.csproj", "{60B2DCD5-77B7-4FFC-AEBA-641012171619}"
EndProject
Global
	GlobalSection(SolutionConfigurationPlatforms) = preSolution
		Debug|Any CPU = Debug|Any CPU
		Release|Any CPU = Release|Any CPU
	EndGlobalSection
	GlobalSection(ProjectConfigurationPlatforms) = postSolution
		{60B2DCD5-77B7-4FFC-AEBA-641012171619}.Debug|Any CPU.ActiveCfg = Debug|Any CPU
		{60B2DCD5-77B7-4FFC-AEBA-641012171619}.Debug|Any CPU.Build.0 = Debug|Any CPU
		{60B2DCD5-77B7-4FFC-AEBA-641012171619}.Release|Any CPU.ActiveCfg = Release|Any CPU
		{60B2DCD5-77B7-4FFC-AEBA-641012171619}.Release|Any CPU.Build.0 = Release|Any CPU
	EndGlobalSection
	GlobalSection(SolutionProperties) = preSolution
		HideSolutionNode = FALSE
	EndGlobalSection
	GlobalSection(ExtensibilityGlobals) = postSolution
		SolutionGuid = {9B941B89-9098-497A-9EE0-AAA09220EE42}
	EndGlobalSection
EndGlobal
